
Microsoft Visual Studio Solution File, Format Version 12.00
# Visual Studio Version 17
VisualStudioVersion = 17.0.31903.59
MinimumVisualStudioVersion = 10.0.40219.1
Project("{FAE04EC0-301F-11D3-BF4B-00C04F79EFBC}") = "IntCollections", "IntCollections\IntCollections.csproj", "{3E85520F-181A-4685-9D73-C770A7B5463C}"
EndProject
Project("{FAE04EC0-301F-11D3-BF4B-00C04F79EFBC}") = "EqualPlayer", "EqualPlayer\EqualPlayer.csproj", "{55C02D6A-2CD8-4F4D-B652-7208707E7847}"
EndProject
Global
	GlobalSection(SolutionConfigurationPlatforms) = preSolution
		Debug|Any CPU = Debug|Any CPU
		Release|Any CPU = Release|Any CPU
	EndGlobalSection
	GlobalSection(SolutionProperties) = preSolution
		HideSolutionNode = FALSE
	EndGlobalSection
	GlobalSection(ProjectConfigurationPlatforms) = postSolution
		{3E85520F-181A-4685-9D73-C770A7B5463C}.Debug|Any CPU.ActiveCfg = Debug|Any CPU
		{3E85520F-181A-4685-9D73-C770A7B5463C}.Debug|Any CPU.Build.0 = Debug|Any CPU
		{3E85520F-181A-4685-9D73-C770A7B5463C}.Release|Any CPU.ActiveCfg = Release|Any CPU
		{3E85520F-181A-4685-9D73-C770A7B5463C}.Release|Any CPU.Build.0 = Release|Any CPU
		{55C02D6A-2CD8-4F4D-B652-7208707E7847}.Debug|Any CPU.ActiveCfg = Debug|Any CPU
		{55C02D6A-2CD8-4F4D-B652-7208707E7847}.Debug|Any CPU.Build.0 = Debug|Any CPU
		{55C02D6A-2CD8-4F4D-B652-7208707E7847}.Release|Any CPU.ActiveCfg = Release|Any CPU
		{55C02D6A-2CD8-4F4D-B652-7208707E7847}.Release|Any CPU.Build.0 = Release|Any CPU
	EndGlobalSection
EndGlobal
